Microsoft Visual Studio Solution File, Format Version 12.00
# Visual Studio Version 17
VisualStudioVersion = 17.0.31903.59
MinimumVisualStudioVersion = 10.0.40219.1
Project("{FAE04EC0-301F-11D3-BF4B-00C04F79EFBC}") = "md2word.Tests", "MarkdownToWord.Tests\md2word.Tests.csproj", "{A6B62A1C-10F7-4A6B-8202-22E1F8B4D823}"
EndProject
Project("{FAE04EC0-301F-11D3-BF4B-00C04F79EFBC}") = "md2word", "src\md2word.csproj", "{A5C36645-69F5-5929-AB8D-97EF8922CD63}"
EndProject
Project("{2150E333-8FDC-42A3-9474-1A3956D46DE8}") = ".github", ".github", "{02EA681E-C7D8-13C7-8484-4AC65E1B71E8}"
EndProject
Project("{2150E333-8FDC-42A3-9474-1A3956D46DE8}") = "workflows", "workflows", "{54E7D0B8-4A79-4547-A9FC-F9DDD62F92AE}"
	ProjectSection(SolutionItems) = preProject
		.github\workflows\2.codeql.yml = .github\workflows\2.codeql.yml
		.github\workflows\3.snyk.yml = .github\workflows\3.snyk.yml
		.github\workflows\4.build.yml = .github\workflows\4.build.yml
		.github\workflows\5.publish.yml = .github\workflows\5.publish.yml
		.github\workflows\main.yml = .github\workflows\main.yml
	EndProjectSection
EndProject
Global
	GlobalSection(SolutionConfigurationPlatforms) = preSolution
		Debug|Any CPU = Debug|Any CPU
		Release|Any CPU = Release|Any CPU
	EndGlobalSection
	GlobalSection(ProjectConfigurationPlatforms) = postSolution
		{A6B62A1C-10F7-4A6B-8202-22E1F8B4D823}.Debug|Any CPU.ActiveCfg = Debug|Any CPU
		{A6B62A1C-10F7-4A6B-8202-22E1F8B4D823}.Debug|Any CPU.Build.0 = Debug|Any CPU
		{A6B62A1C-10F7-4A6B-8202-22E1F8B4D823}.Release|Any CPU.ActiveCfg = Release|Any CPU
		{A6B62A1C-10F7-4A6B-8202-22E1F8B4D823}.Release|Any CPU.Build.0 = Release|Any CPU
		{A5C36645-69F5-5929-AB8D-97EF8922CD63}.Debug|Any CPU.ActiveCfg = Debug|Any CPU
		{A5C36645-69F5-5929-AB8D-97EF8922CD63}.Debug|Any CPU.Build.0 = Debug|Any CPU
		{A5C36645-69F5-5929-AB8D-97EF8922CD63}.Release|Any CPU.ActiveCfg = Release|Any CPU
		{A5C36645-69F5-5929-AB8D-97EF8922CD63}.Release|Any CPU.Build.0 = Release|Any CPU
	EndGlobalSection
	GlobalSection(SolutionProperties) = preSolution
		HideSolutionNode = FALSE
	EndGlobalSection
	GlobalSection(NestedProjects) = preSolution
		{54E7D0B8-4A79-4547-A9FC-F9DDD62F92AE} = {02EA681E-C7D8-13C7-8484-4AC65E1B71E8}
	EndGlobalSection
	GlobalSection(ExtensibilityGlobals) = postSolution
		SolutionGuid = {137ADDC7-F5B9-4951-944E-1BB38A096AE7}
	EndGlobalSection
EndGlobal
